uuid: 2ece5111-4e23-45f8-8172-b1832ff7562a
langcode: en
status: false
dependencies:
  module:
    - react_tools
    - system
  theme:
    - move_mil
id: reactppmtoolblock
theme: move_mil
region: content
weight: 5
provider: null
plugin: react_ppm_tool_block
settings:
  id: react_ppm_tool_block
  label: 'React PPM Tool Block'
  provider: react_tools
  label_display: '0'
visibility:
  request_path:
    id: request_path
    pages: /resources/ppm-estimator
    negate: false
    context_mapping: {  }
