uuid: 0803e5a8-ec87-4db6-bb6c-5bf5ae660ec6
langcode: en
status: true
dependencies:
  module:
    - react_tools
    - system
  theme:
    - move_mil
id: entitlementsblock
theme: move_mil
region: content
weight: -22
provider: null
plugin: entitlements_block
settings:
  id: entitlements_block
  label: 'Entitlements block'
  provider: react_tools
  label_display: '0'
visibility:
  request_path:
    id: request_path
    pages: /entitlements
    negate: false
    context_mapping: {  }
